// !$*UTF8*$!
{
	archiveVersion = 1;
	classes = {
	};
	objectVersion = 56;
	objects = {

/* Begin PBXBuildFile section */
		8859220E2939D436006B9F1A /* RetroUI.docc in Sources */ = {isa = PBXBuildFile; fileRef = 8859220D2939D436006B9F1A /* RetroUI.docc */; };
		885922142939D436006B9F1A /* RetroUI.framework in Frameworks */ = {isa = PBXBuildFile; fileRef = 885922092939D436006B9F1A /* RetroUI.framework */; };
		885922192939D436006B9F1A /* RetroUITests.swift in Sources */ = {isa = PBXBuildFile; fileRef = 885922182939D436006B9F1A /* RetroUITests.swift */; };
		8859221A2939D436006B9F1A /* RetroUI.h in Headers */ = {isa = PBXBuildFile; fileRef = 8859220C2939D436006B9F1A /* RetroUI.h */; settings = {ATTRIBUTES = (Public, ); }; };
		885922242939D44A006B9F1A /* RUTextField.swift in Sources */ = {isa = PBXBuildFile; fileRef = 885922232939D44A006B9F1A /* RUTextField.swift */; };
		885922262939DC13006B9F1A /* RepTextField.swift in Sources */ = {isa = PBXBuildFile; fileRef = 885922252939DC13006B9F1A /* RepTextField.swift */; };
		8859222E293A6E7A006B9F1A /* RetroUIExampleApp.swift in Sources */ = {isa = PBXBuildFile; fileRef = 8859222D293A6E7A006B9F1A /* RetroUIExampleApp.swift */; };
		88592230293A6E7A006B9F1A /* ContentView.swift in Sources */ = {isa = PBXBuildFile; fileRef = 8859222F293A6E7A006B9F1A /* ContentView.swift */; };
		88592232293A6E7B006B9F1A /* Assets.xcassets in Resources */ = {isa = PBXBuildFile; fileRef = 88592231293A6E7B006B9F1A /* Assets.xcassets */; };
		88592235293A6E7B006B9F1A /* Preview Assets.xcassets in Resources */ = {isa = PBXBuildFile; fileRef = 88592234293A6E7B006B9F1A /* Preview Assets.xcassets */; };
		8859223F293A6E7B006B9F1A /* RetroUIExampleTests.swift in Sources */ = {isa = PBXBuildFile; fileRef = 8859223E293A6E7B006B9F1A /* RetroUIExampleTests.swift */; };
		88592249293A6E7B006B9F1A /* RetroUIExampleUITests.swift in Sources */ = {isa = PBXBuildFile; fileRef = 88592248293A6E7B006B9F1A /* RetroUIExampleUITests.swift */; };
		8859224B293A6E7B006B9F1A /* RetroUIExampleUITestsLaunchTests.swift in Sources */ = {isa = PBXBuildFile; fileRef = 8859224A293A6E7B006B9F1A /* RetroUIExampleUITestsLaunchTests.swift */; };
		88592256293A6ED0006B9F1A /* RetroUI.framework in Frameworks */ = {isa = PBXBuildFile; fileRef = 885922092939D436006B9F1A /* RetroUI.framework */; };
		88592257293A6ED0006B9F1A /* RetroUI.framework in Embed Frameworks */ = {isa = PBXBuildFile; fileRef = 885922092939D436006B9F1A /* RetroUI.framework */; settings = {ATTRIBUTES = (CodeSignOnCopy, RemoveHeadersOnCopy, ); }; };
		88910041294C1FDC006AE5DB /* RUTextField + Coordinator .swift in Sources */ = {isa = PBXBuildFile; fileRef = 88910040294C1FDC006AE5DB /* RUTextField + Coordinator .swift */; };
		88910045294C2473006AE5DB /* RUTableView.swift in Sources */ = {isa = PBXBuildFile; fileRef = 88910044294C2473006AE5DB /* RUTableView.swift */; };
		88910047294C26E5006AE5DB /* RepresentableTableView.swift in Sources */ = {isa = PBXBuildFile; fileRef = 88910046294C26E5006AE5DB /* RepresentableTableView.swift */; };
		88910049294C2721006AE5DB /* RUTableView + Coordinator.swift in Sources */ = {isa = PBXBuildFile; fileRef = 88910048294C2721006AE5DB /* RUTableView + Coordinator.swift */; };
		8891004B294E217F006AE5DB /* TableExample.swift in Sources */ = {isa = PBXBuildFile; fileRef = 8891004A294E217F006AE5DB /* TableExample.swift */; };
/* End PBXBuildFile section */

/* Begin PBXContainerItemProxy section */
		885922152939D436006B9F1A /* PBXContainerItemProxy */ = {
			isa = PBXContainerItemProxy;
			containerPortal = 885922002939D436006B9F1A /* Project object */;
			proxyType = 1;
			remoteGlobalIDString = 885922082939D436006B9F1A;
			remoteInfo = RetroUI;
		};
		8859223B293A6E7B006B9F1A /* PBXContainerItemProxy */ = {
			isa = PBXContainerItemProxy;
			containerPortal = 885922002939D436006B9F1A /* Project object */;
			proxyType = 1;
			remoteGlobalIDString = 8859222A293A6E7A006B9F1A;
			remoteInfo = RetroUIExample;
		};
		88592245293A6E7B006B9F1A /* PBXContainerItemProxy */ = {
			isa = PBXContainerItemProxy;
			containerPortal = 885922002939D436006B9F1A /* Project object */;
			proxyType = 1;
			remoteGlobalIDString = 8859222A293A6E7A006B9F1A;
			remoteInfo = RetroUIExample;
		};
		88592258293A6ED0006B9F1A /* PBXContainerItemProxy */ = {
			isa = PBXContainerItemProxy;
			containerPortal = 885922002939D436006B9F1A /* Project object */;
			proxyType = 1;
			remoteGlobalIDString = 885922082939D436006B9F1A;
			remoteInfo = RetroUI;
		};
/* End PBXContainerItemProxy section */

/* Begin PBXCopyFilesBuildPhase section */
		8859225A293A6ED0006B9F1A /* Embed Frameworks */ = {
			isa = PBXCopyFilesBuildPhase;
			buildActionMask = 2147483647;
			dstPath = "";
			dstSubfolderSpec = 10;
			files = (
				88592257293A6ED0006B9F1A /* RetroUI.framework in Embed Frameworks */,
			);
			name = "Embed Frameworks";
			runOnlyForDeploymentPostprocessing = 0;
		};
/* End PBXCopyFilesBuildPhase section */

/* Begin PBXFileReference section */
		885922092939D436006B9F1A /* RetroUI.framework */ = {isa = PBXFileReference; explicitFileType = wrapper.framework; includeInIndex = 0; path = RetroUI.framework; sourceTree = BUILT_PRODUCTS_DIR; };
		8859220C2939D436006B9F1A /* RetroUI.h */ = {isa = PBXFileReference; lastKnownFileType = sourcecode.c.h; path = RetroUI.h; sourceTree = "<group>"; };
		8859220D2939D436006B9F1A /* RetroUI.docc */ = {isa = PBXFileReference; lastKnownFileType = folder.documentationcatalog; path = RetroUI.docc; sourceTree = "<group>"; };
		885922132939D436006B9F1A /* RetroUITests.xctest */ = {isa = PBXFileReference; explicitFileType = wrapper.cfbundle; includeInIndex = 0; path = RetroUITests.xctest; sourceTree = BUILT_PRODUCTS_DIR; };
		885922182939D436006B9F1A /* RetroUITests.swift */ = {isa = PBXFileReference; lastKnownFileType = sourcecode.swift; path = RetroUITests.swift; sourceTree = "<group>"; };
		885922232939D44A006B9F1A /* RUTextField.swift */ = {isa = PBXFileReference; lastKnownFileType = sourcecode.swift; path = RUTextField.swift; sourceTree = "<group>"; };
		885922252939DC13006B9F1A /* RepTextField.swift */ = {isa = PBXFileReference; lastKnownFileType = sourcecode.swift; path = RepTextField.swift; sourceTree = "<group>"; };
		8859222B293A6E7A006B9F1A /* RetroUIExample.app */ = {isa = PBXFileReference; explicitFileType = wrapper.application; includeInIndex = 0; path = RetroUIExample.app; sourceTree = BUILT_PRODUCTS_DIR; };
		8859222D293A6E7A006B9F1A /* RetroUIExampleApp.swift */ = {isa = PBXFileReference; lastKnownFileType = sourcecode.swift; path = RetroUIExampleApp.swift; sourceTree = "<group>"; };
		8859222F293A6E7A006B9F1A /* ContentView.swift */ = {isa = PBXFileReference; lastKnownFileType = sourcecode.swift; path = ContentView.swift; sourceTree = "<group>"; };
		88592231293A6E7B006B9F1A /* Assets.xcassets */ = {isa = PBXFileReference; lastKnownFileType = folder.assetcatalog; path = Assets.xcassets; sourceTree = "<group>"; };
		88592234293A6E7B006B9F1A /* Preview Assets.xcassets */ = {isa = PBXFileReference; lastKnownFileType = folder.assetcatalog; path = "Preview Assets.xcassets"; sourceTree = "<group>"; };
		8859223A293A6E7B006B9F1A /* RetroUIExampleTests.xctest */ = {isa = PBXFileReference; explicitFileType = wrapper.cfbundle; includeInIndex = 0; path = RetroUIExampleTests.xctest; sourceTree = BUILT_PRODUCTS_DIR; };
		8859223E293A6E7B006B9F1A /* RetroUIExampleTests.swift */ = {isa = PBXFileReference; lastKnownFileType = sourcecode.swift; path = RetroUIExampleTests.swift; sourceTree = "<group>"; };
		88592244293A6E7B006B9F1A /* RetroUIExampleUITests.xctest */ = {isa = PBXFileReference; explicitFileType = wrapper.cfbundle; includeInIndex = 0; path = RetroUIExampleUITests.xctest; sourceTree = BUILT_PRODUCTS_DIR; };
		88592248293A6E7B006B9F1A /* RetroUIExampleUITests.swift */ = {isa = PBXFileReference; lastKnownFileType = sourcecode.swift; path = RetroUIExampleUITests.swift; sourceTree = "<group>"; };
		8859224A293A6E7B006B9F1A /* RetroUIExampleUITestsLaunchTests.swift */ = {isa = PBXFileReference; lastKnownFileType = sourcecode.swift; path = RetroUIExampleUITestsLaunchTests.swift; sourceTree = "<group>"; };
		88910040294C1FDC006AE5DB /* RUTextField + Coordinator .swift */ = {isa = PBXFileReference; lastKnownFileType = sourcecode.swift; path = "RUTextField + Coordinator .swift"; sourceTree = "<group>"; };
		88910044294C2473006AE5DB /* RUTableView.swift */ = {isa = PBXFileReference; lastKnownFileType = sourcecode.swift; path = RUTableView.swift; sourceTree = "<group>"; };
		88910046294C26E5006AE5DB /* RepresentableTableView.swift */ = {isa = PBXFileReference; lastKnownFileType = sourcecode.swift; path = RepresentableTableView.swift; sourceTree = "<group>"; };
		88910048294C2721006AE5DB /* RUTableView + Coordinator.swift */ = {isa = PBXFileReference; lastKnownFileType = sourcecode.swift; path = "RUTableView + Coordinator.swift"; sourceTree = "<group>"; };
		8891004A294E217F006AE5DB /* TableExample.swift */ = {isa = PBXFileReference; lastKnownFileType = sourcecode.swift; path = TableExample.swift; sourceTree = "<group>"; };
/* End PBXFileReference section */

/* Begin PBXFrameworksBuildPhase section */
		885922062939D436006B9F1A /* Frameworks */ = {
			isa = PBXFrameworksBuildPhase;
			buildActionMask = 2147483647;
			files = (
			);
			runOnlyForDeploymentPostprocessing = 0;
		};
		885922102939D436006B9F1A /* Frameworks */ = {
			isa = PBXFrameworksBuildPhase;
			buildActionMask = 2147483647;
			files = (
				885922142939D436006B9F1A /* RetroUI.framework in Frameworks */,
			);
			runOnlyForDeploymentPostprocessing = 0;
		};
		88592228293A6E7A006B9F1A /* Frameworks */ = {
			isa = PBXFrameworksBuildPhase;
			buildActionMask = 2147483647;
			files = (
				88592256293A6ED0006B9F1A /* RetroUI.framework in Frameworks */,
			);
			runOnlyForDeploymentPostprocessing = 0;
		};
		88592237293A6E7B006B9F1A /* Frameworks */ = {
			isa = PBXFrameworksBuildPhase;
			buildActionMask = 2147483647;
			files = (
			);
			runOnlyForDeploymentPostprocessing = 0;
		};
		88592241293A6E7B006B9F1A /* Frameworks */ = {
			isa = PBXFrameworksBuildPhase;
			buildActionMask = 2147483647;
			files = (
			);
			runOnlyForDeploymentPostprocessing = 0;
		};
/* End PBXFrameworksBuildPhase section */

/* Begin PBXGroup section */
		885921FF2939D436006B9F1A = {
			isa = PBXGroup;
			children = (
				8859220B2939D436006B9F1A /* RetroUI */,
				885922172939D436006B9F1A /* RetroUITests */,
				8859222C293A6E7A006B9F1A /* RetroUIExample */,
				8859223D293A6E7B006B9F1A /* RetroUIExampleTests */,
				88592247293A6E7B006B9F1A /* RetroUIExampleUITests */,
				8859220A2939D436006B9F1A /* Products */,
				88592255293A6ED0006B9F1A /* Frameworks */,
			);
			sourceTree = "<group>";
		};
		8859220A2939D436006B9F1A /* Products */ = {
			isa = PBXGroup;
			children = (
				885922092939D436006B9F1A /* RetroUI.framework */,
				885922132939D436006B9F1A /* RetroUITests.xctest */,
				8859222B293A6E7A006B9F1A /* RetroUIExample.app */,
				8859223A293A6E7B006B9F1A /* RetroUIExampleTests.xctest */,
				88592244293A6E7B006B9F1A /* RetroUIExampleUITests.xctest */,
			);
			name = Products;
			sourceTree = "<group>";
		};
		8859220B2939D436006B9F1A /* RetroUI */ = {
			isa = PBXGroup;
			children = (
				88910043294C2458006AE5DB /* RUTableView */,
				88910042294C2447006AE5DB /* RUTextField */,
				8859220C2939D436006B9F1A /* RetroUI.h */,
				8859220D2939D436006B9F1A /* RetroUI.docc */,
			);
			path = RetroUI;
			sourceTree = "<group>";
		};
		885922172939D436006B9F1A /* RetroUITests */ = {
			isa = PBXGroup;
			children = (
				885922182939D436006B9F1A /* RetroUITests.swift */,
			);
			path = RetroUITests;
			sourceTree = "<group>";
		};
		8859222C293A6E7A006B9F1A /* RetroUIExample */ = {
			isa = PBXGroup;
			children = (
				8859222D293A6E7A006B9F1A /* RetroUIExampleApp.swift */,
				8859222F293A6E7A006B9F1A /* ContentView.swift */,
				8891004A294E217F006AE5DB /* TableExample.swift */,
				88592231293A6E7B006B9F1A /* Assets.xcassets */,
				88592233293A6E7B006B9F1A /* Preview Content */,
			);
			path = RetroUIExample;
			sourceTree = "<group>";
		};
		88592233293A6E7B006B9F1A /* Preview Content */ = {
			isa = PBXGroup;
			children = (
				88592234293A6E7B006B9F1A /* Preview Assets.xcassets */,
			);
			path = "Preview Content";
			sourceTree = "<group>";
		};
		8859223D293A6E7B006B9F1A /* RetroUIExampleTests */ = {
			isa = PBXGroup;
			children = (
				8859223E293A6E7B006B9F1A /* RetroUIExampleTests.swift */,
			);
			path = RetroUIExampleTests;
			sourceTree = "<group>";
		};
		88592247293A6E7B006B9F1A /* RetroUIExampleUITests */ = {
			isa = PBXGroup;
			children = (
				88592248293A6E7B006B9F1A /* RetroUIExampleUITests.swift */,
				8859224A293A6E7B006B9F1A /* RetroUIExampleUITestsLaunchTests.swift */,
			);
			path = RetroUIExampleUITests;
			sourceTree = "<group>";
		};
		88592255293A6ED0006B9F1A /* Frameworks */ = {
			isa = PBXGroup;
			children = (
			);
			name = Frameworks;
			sourceTree = "<group>";
		};
		88910042294C2447006AE5DB /* RUTextField */ = {
			isa = PBXGroup;
			children = (
				885922232939D44A006B9F1A /* RUTextField.swift */,
				885922252939DC13006B9F1A /* RepTextField.swift */,
				88910040294C1FDC006AE5DB /* RUTextField + Coordinator .swift */,
			);
			path = RUTextField;
			sourceTree = "<group>";
		};
		88910043294C2458006AE5DB /* RUTableView */ = {
			isa = PBXGroup;
			children = (
				88910044294C2473006AE5DB /* RUTableView.swift */,
				88910046294C26E5006AE5DB /* RepresentableTableView.swift */,
				88910048294C2721006AE5DB /* RUTableView + Coordinator.swift */,
			);
			path = RUTableView;
			sourceTree = "<group>";
		};
/* End PBXGroup section */

/* Begin PBXHeadersBuildPhase section */
		885922042939D436006B9F1A /* Headers */ = {
			isa = PBXHeadersBuildPhase;
			buildActionMask = 2147483647;
			files = (
				8859221A2939D436006B9F1A /* RetroUI.h in Headers */,
			);
			runOnlyForDeploymentPostprocessing = 0;
		};
/* End PBXHeadersBuildPhase section */

/* Begin PBXNativeTarget section */
		885922082939D436006B9F1A /* RetroUI */ = {
			isa = PBXNativeTarget;
			buildConfigurationList = 8859221D2939D436006B9F1A /* Build configuration list for PBXNativeTarget "RetroUI" */;
			buildPhases = (
				885922042939D436006B9F1A /* Headers */,
				885922052939D436006B9F1A /* Sources */,
				885922062939D436006B9F1A /* Frameworks */,
				885922072939D436006B9F1A /* Resources */,
			);
			buildRules = (
			);
			dependencies = (
			);
			name = RetroUI;
			productName = RetroUI;
			productReference = 885922092939D436006B9F1A /* RetroUI.framework */;
			productType = "com.apple.product-type.framework";
		};
		885922122939D436006B9F1A /* RetroUITests */ = {
			isa = PBXNativeTarget;
			buildConfigurationList = 885922202939D436006B9F1A /* Build configuration list for PBXNativeTarget "RetroUITests" */;
			buildPhases = (
				8859220F2939D436006B9F1A /* Sources */,
				885922102939D436006B9F1A /* Frameworks */,
				885922112939D436006B9F1A /* Resources */,
			);
			buildRules = (
			);
			dependencies = (
				885922162939D436006B9F1A /* PBXTargetDependency */,
			);
			name = RetroUITests;
			productName = RetroUITests;
			productReference = 885922132939D436006B9F1A /* RetroUITests.xctest */;
			productType = "com.apple.product-type.bundle.unit-test";
		};
		8859222A293A6E7A006B9F1A /* RetroUIExample */ = {
			isa = PBXNativeTarget;
			buildConfigurationList = 8859224C293A6E7B006B9F1A /* Build configuration list for PBXNativeTarget "RetroUIExample" */;
			buildPhases = (
				88592227293A6E7A006B9F1A /* Sources */,
				88592228293A6E7A006B9F1A /* Frameworks */,
				88592229293A6E7A006B9F1A /* Resources */,
				8859225A293A6ED0006B9F1A /* Embed Frameworks */,
			);
			buildRules = (
			);
			dependencies = (
				88592259293A6ED0006B9F1A /* PBXTargetDependency */,
			);
			name = RetroUIExample;
			productName = RetroUIExample;
			productReference = 8859222B293A6E7A006B9F1A /* RetroUIExample.app */;
			productType = "com.apple.product-type.application";
		};
		88592239293A6E7B006B9F1A /* RetroUIExampleTests */ = {
			isa = PBXNativeTarget;
			buildConfigurationList = 8859224F293A6E7B006B9F1A /* Build configuration list for PBXNativeTarget "RetroUIExampleTests" */;
			buildPhases = (
				88592236293A6E7B006B9F1A /* Sources */,
				88592237293A6E7B006B9F1A /* Frameworks */,
				88592238293A6E7B006B9F1A /* Resources */,
			);
			buildRules = (
			);
			dependencies = (
				8859223C293A6E7B006B9F1A /* PBXTargetDependency */,
			);
			name = RetroUIExampleTests;
			productName = RetroUIExampleTests;
			productReference = 8859223A293A6E7B006B9F1A /* RetroUIExampleTests.xctest */;
			productType = "com.apple.product-type.bundle.unit-test";
		};
		88592243293A6E7B006B9F1A /* RetroUIExampleUITests */ = {
			isa = PBXNativeTarget;
			buildConfigurationList = 88592252293A6E7B006B9F1A /* Build configuration list for PBXNativeTarget "RetroUIExampleUITests" */;
			buildPhases = (
				88592240293A6E7B006B9F1A /* Sources */,
				88592241293A6E7B006B9F1A /* Frameworks */,
				88592242293A6E7B006B9F1A /* Resources */,
			);
			buildRules = (
			);
			dependencies = (
				88592246293A6E7B006B9F1A /* PBXTargetDependency */,
			);
			name = RetroUIExampleUITests;
			productName = RetroUIExampleUITests;
			productReference = 88592244293A6E7B006B9F1A /* RetroUIExampleUITests.xctest */;
			productType = "com.apple.product-type.bundle.ui-testing";
		};
/* End PBXNativeTarget section */

/* Begin PBXProject section */
		885922002939D436006B9F1A /* Project object */ = {
			isa = PBXProject;
			attributes = {
				BuildIndependentTargetsInParallel = 1;
				LastSwiftUpdateCheck = 1400;
				LastUpgradeCheck = 1400;
				TargetAttributes = {
					885922082939D436006B9F1A = {
						CreatedOnToolsVersion = 14.0.1;
					};
					885922122939D436006B9F1A = {
						CreatedOnToolsVersion = 14.0.1;
					};
					8859222A293A6E7A006B9F1A = {
						CreatedOnToolsVersion = 14.0.1;
					};
					88592239293A6E7B006B9F1A = {
						CreatedOnToolsVersion = 14.0.1;
						TestTargetID = 8859222A293A6E7A006B9F1A;
					};
					88592243293A6E7B006B9F1A = {
						CreatedOnToolsVersion = 14.0.1;
						TestTargetID = 8859222A293A6E7A006B9F1A;
					};
				};
			};
			buildConfigurationList = 885922032939D436006B9F1A /* Build configuration list for PBXProject "RetroUI" */;
			compatibilityVersion = "Xcode 14.0";
			developmentRegion = en;
			hasScannedForEncodings = 0;
			knownRegions = (
				en,
				Base,
			);
			mainGroup = 885921FF2939D436006B9F1A;
			productRefGroup = 8859220A2939D436006B9F1A /* Products */;
			projectDirPath = "";
			projectRoot = "";
			targets = (
				885922082939D436006B9F1A /* RetroUI */,
				885922122939D436006B9F1A /* RetroUITests */,
				8859222A293A6E7A006B9F1A /* RetroUIExample */,
				88592239293A6E7B006B9F1A /* RetroUIExampleTests */,
				88592243293A6E7B006B9F1A /* RetroUIExampleUITests */,
			);
		};
/* End PBXProject section */

/* Begin PBXResourcesBuildPhase section */
		885922072939D436006B9F1A /* Resources */ = {
			isa = PBXResourcesBuildPhase;
			buildActionMask = 2147483647;
			files = (
			);
			runOnlyForDeploymentPostprocessing = 0;
		};
		885922112939D436006B9F1A /* Resources */ = {
			isa = PBXResourcesBuildPhase;
			buildActionMask = 2147483647;
			files = (
			);
			runOnlyForDeploymentPostprocessing = 0;
		};
		88592229293A6E7A006B9F1A /* Resources */ = {
			isa = PBXResourcesBuildPhase;
			buildActionMask = 2147483647;
			files = (
				88592235293A6E7B006B9F1A /* Preview Assets.xcassets in Resources */,
				88592232293A6E7B006B9F1A /* Assets.xcassets in Resources */,
			);
			runOnlyForDeploymentPostprocessing = 0;
		};
		88592238293A6E7B006B9F1A /* Resources */ = {
			isa = PBXResourcesBuildPhase;
			buildActionMask = 2147483647;
			files = (
			);
			runOnlyForDeploymentPostprocessing = 0;
		};
		88592242293A6E7B006B9F1A /* Resources */ = {
			isa = PBXResourcesBuildPhase;
			buildActionMask = 2147483647;
			files = (
			);
			runOnlyForDeploymentPostprocessing = 0;
		};
/* End PBXResourcesBuildPhase section */

/* Begin PBXSourcesBuildPhase section */
		885922052939D436006B9F1A /* Sources */ = {
			isa = PBXSourcesBuildPhase;
			buildActionMask = 2147483647;
			files = (
				88910049294C2721006AE5DB /* RUTableView + Coordinator.swift in Sources */,
				88910047294C26E5006AE5DB /* RepresentableTableView.swift in Sources */,
				88910041294C1FDC006AE5DB /* RUTextField + Coordinator .swift in Sources */,
				88910045294C2473006AE5DB /* RUTableView.swift in Sources */,
				885922262939DC13006B9F1A /* RepTextField.swift in Sources */,
				885922242939D44A006B9F1A /* RUTextField.swift in Sources */,
				8859220E2939D436006B9F1A /* RetroUI.docc in Sources */,
			);
			runOnlyForDeploymentPostprocessing = 0;
		};
		8859220F2939D436006B9F1A /* Sources */ = {
			isa = PBXSourcesBuildPhase;
			buildActionMask = 2147483647;
			files = (
				885922192939D436006B9F1A /* RetroUITests.swift in Sources */,
			);
			runOnlyForDeploymentPostprocessing = 0;
		};
		88592227293A6E7A006B9F1A /* Sources */ = {
			isa = PBXSourcesBuildPhase;
			buildActionMask = 2147483647;
			files = (
				8891004B294E217F006AE5DB /* TableExample.swift in Sources */,
				88592230293A6E7A006B9F1A /* ContentView.swift in Sources */,
				8859222E293A6E7A006B9F1A /* RetroUIExampleApp.swift in Sources */,
			);
			runOnlyForDeploymentPostprocessing = 0;
		};
		88592236293A6E7B006B9F1A /* Sources */ = {
			isa = PBXSourcesBuildPhase;
			buildActionMask = 2147483647;
			files = (
				8859223F293A6E7B006B9F1A /* RetroUIExampleTests.swift in Sources */,
			);
			runOnlyForDeploymentPostprocessing = 0;
		};
		88592240293A6E7B006B9F1A /* Sources */ = {
			isa = PBXSourcesBuildPhase;
			buildActionMask = 2147483647;
			files = (
				8859224B293A6E7B006B9F1A /* RetroUIExampleUITestsLaunchTests.swift in Sources */,
				88592249293A6E7B006B9F1A /* RetroUIExampleUITests.swift in Sources */,
			);
			runOnlyForDeploymentPostprocessing = 0;
		};
/* End PBXSourcesBuildPhase section */

/* Begin PBXTargetDependency section */
		885922162939D436006B9F1A /* PBXTargetDependency */ = {
			isa = PBXTargetDependency;
			target = 885922082939D436006B9F1A /* RetroUI */;
			targetProxy = 885922152939D436006B9F1A /* PBXContainerItemProxy */;
		};
		8859223C293A6E7B006B9F1A /* PBXTargetDependency */ = {
			isa = PBXTargetDependency;
			target = 8859222A293A6E7A006B9F1A /* RetroUIExample */;
			targetProxy = 8859223B293A6E7B006B9F1A /* PBXContainerItemProxy */;
		};
		88592246293A6E7B006B9F1A /* PBXTargetDependency */ = {
			isa = PBXTargetDependency;
			target = 8859222A293A6E7A006B9F1A /* RetroUIExample */;
			targetProxy = 88592245293A6E7B006B9F1A /* PBXContainerItemProxy */;
		};
		88592259293A6ED0006B9F1A /* PBXTargetDependency */ = {
			isa = PBXTargetDependency;
			target = 885922082939D436006B9F1A /* RetroUI */;
			targetProxy = 88592258293A6ED0006B9F1A /* PBXContainerItemProxy */;
		};
/* End PBXTargetDependency section */

/* Begin XCBuildConfiguration section */
		8859221B2939D436006B9F1A /* Debug */ = {
			isa = XCBuildConfiguration;
			buildSettings = {
				ALWAYS_SEARCH_USER_PATHS = NO;
				CLANG_ANALYZER_NONNULL = YES;
				CLANG_ANALYZER_NUMBER_OBJECT_CONVERSION = YES_AGGRESSIVE;
				CLANG_CXX_LANGUAGE_STANDARD = "gnu++20";
				CLANG_ENABLE_MODULES = YES;
				CLANG_ENABLE_OBJC_ARC = YES;
				CLANG_ENABLE_OBJC_WEAK = YES;
				CLANG_WARN_BLOCK_CAPTURE_AUTORELEASING = YES;
				CLANG_WARN_BOOL_CONVERSION = YES;
				CLANG_WARN_COMMA = YES;
				CLANG_WARN_CONSTANT_CONVERSION = YES;
				CLANG_WARN_DEPRECATED_OBJC_IMPLEMENTATIONS = YES;
				CLANG_WARN_DIRECT_OBJC_ISA_USAGE = YES_ERROR;
				CLANG_WARN_DOCUMENTATION_COMMENTS = YES;
				CLANG_WARN_EMPTY_BODY = YES;
				CLANG_WARN_ENUM_CONVERSION = YES;
				CLANG_WARN_INFINITE_RECURSION = YES;
				CLANG_WARN_INT_CONVERSION = YES;
				CLANG_WARN_NON_LITERAL_NULL_CONVERSION = YES;
				CLANG_WARN_OBJC_IMPLICIT_RETAIN_SELF = YES;
				CLANG_WARN_OBJC_LITERAL_CONVERSION = YES;
				CLANG_WARN_OBJC_ROOT_CLASS = YES_ERROR;
				CLANG_WARN_QUOTED_INCLUDE_IN_FRAMEWORK_HEADER = YES;
				CLANG_WARN_RANGE_LOOP_ANALYSIS = YES;
				CLANG_WARN_STRICT_PROTOTYPES = YES;
				CLANG_WARN_SUSPICIOUS_MOVE = YES;
				CLANG_WARN_UNGUARDED_AVAILABILITY = YES_AGGRESSIVE;
				CLANG_WARN_UNREACHABLE_CODE = YES;
				CLANG_WARN__DUPLICATE_METHOD_MATCH = YES;
				COPY_PHASE_STRIP = NO;
				CURRENT_PROJECT_VERSION = 1;
				DEBUG_INFORMATION_FORMAT = dwarf;
				ENABLE_STRICT_OBJC_MSGSEND = YES;
				ENABLE_TESTABILITY = YES;
				GCC_C_LANGUAGE_STANDARD = gnu11;
				GCC_DYNAMIC_NO_PIC = NO;
				GCC_NO_COMMON_BLOCKS = YES;
				GCC_OPTIMIZATION_LEVEL = 0;
				GCC_PREPROCESSOR_DEFINITIONS = (
					"DEBUG=1",
					"$(inherited)",
				);
				GCC_WARN_64_TO_32_BIT_CONVERSION = YES;
				GCC_WARN_ABOUT_RETURN_TYPE = YES_ERROR;
				GCC_WARN_UNDECLARED_SELECTOR = YES;
				GCC_WARN_UNINITIALIZED_AUTOS = YES_AGGRESSIVE;
				GCC_WARN_UNUSED_FUNCTION = YES;
				GCC_WARN_UNUSED_VARIABLE = YES;
				IPHONEOS_DEPLOYMENT_TARGET = 16.0;
				MTL_ENABLE_DEBUG_INFO = INCLUDE_SOURCE;
				MTL_FAST_MATH = YES;
				ONLY_ACTIVE_ARCH = YES;
				SDKROOT = iphoneos;
				SWIFT_ACTIVE_COMPILATION_CONDITIONS = DEBUG;
				SWIFT_OPTIMIZATION_LEVEL = "-Onone";
				VERSIONING_SYSTEM = "apple-generic";
				VERSION_INFO_PREFIX = "";
			};
			name = Debug;
		};
		8859221C2939D436006B9F1A /* Release */ = {
			isa = XCBuildConfiguration;
			buildSettings = {
				ALWAYS_SEARCH_USER_PATHS = NO;
				CLANG_ANALYZER_NONNULL = YES;
				CLANG_ANALYZER_NUMBER_OBJECT_CONVERSION = YES_AGGRESSIVE;
				CLANG_CXX_LANGUAGE_STANDARD = "gnu++20";
				CLANG_ENABLE_MODULES = YES;
				CLANG_ENABLE_OBJC_ARC = YES;
				CLANG_ENABLE_OBJC_WEAK = YES;
				CLANG_WARN_BLOCK_CAPTURE_AUTORELEASING = YES;
				CLANG_WARN_BOOL_CONVERSION = YES;
				CLANG_WARN_COMMA = YES;
				CLANG_WARN_CONSTANT_CONVERSION = YES;
				CLANG_WARN_DEPRECATED_OBJC_IMPLEMENTATIONS = YES;
				CLANG_WARN_DIRECT_OBJC_ISA_USAGE = YES_ERROR;
				CLANG_WARN_DOCUMENTATION_COMMENTS = YES;
				CLANG_WARN_EMPTY_BODY = YES;
				CLANG_WARN_ENUM_CONVERSION = YES;
				CLANG_WARN_INFINITE_RECURSION = YES;
				CLANG_WARN_INT_CONVERSION = YES;
				CLANG_WARN_NON_LITERAL_NULL_CONVERSION = YES;
				CLANG_WARN_OBJC_IMPLICIT_RETAIN_SELF = YES;
				CLANG_WARN_OBJC_LITERAL_CONVERSION = YES;
				CLANG_WARN_OBJC_ROOT_CLASS = YES_ERROR;
				CLANG_WARN_QUOTED_INCLUDE_IN_FRAMEWORK_HEADER = YES;
				CLANG_WARN_RANGE_LOOP_ANALYSIS = YES;
				CLANG_WARN_STRICT_PROTOTYPES = YES;
				CLANG_WARN_SUSPICIOUS_MOVE = YES;
				CLANG_WARN_UNGUARDED_AVAILABILITY = YES_AGGRESSIVE;
				CLANG_WARN_UNREACHABLE_CODE = YES;
				CLANG_WARN__DUPLICATE_METHOD_MATCH = YES;
				COPY_PHASE_STRIP = NO;
				CURRENT_PROJECT_VERSION = 1;
				DEBUG_INFORMATION_FORMAT = "dwarf-with-dsym";
				ENABLE_NS_ASSERTIONS = NO;
				ENABLE_STRICT_OBJC_MSGSEND = YES;
				GCC_C_LANGUAGE_STANDARD = gnu11;
				GCC_NO_COMMON_BLOCKS = YES;
				GCC_WARN_64_TO_32_BIT_CONVERSION = YES;
				GCC_WARN_ABOUT_RETURN_TYPE = YES_ERROR;
				GCC_WARN_UNDECLARED_SELECTOR = YES;
				GCC_WARN_UNINITIALIZED_AUTOS = YES_AGGRESSIVE;
				GCC_WARN_UNUSED_FUNCTION = YES;
				GCC_WARN_UNUSED_VARIABLE = YES;
				IPHONEOS_DEPLOYMENT_TARGET = 16.0;
				MTL_ENABLE_DEBUG_INFO = NO;
				MTL_FAST_MATH = YES;
				SDKROOT = iphoneos;
				SWIFT_COMPILATION_MODE = wholemodule;
				SWIFT_OPTIMIZATION_LEVEL = "-O";
				VALIDATE_PRODUCT = YES;
				VERSIONING_SYSTEM = "apple-generic";
				VERSION_INFO_PREFIX = "";
			};
			name = Release;
		};
		8859221E2939D436006B9F1A /* Debug */ = {
			isa = XCBuildConfiguration;
			buildSettings = {
				CODE_SIGN_STYLE = Automatic;
				CURRENT_PROJECT_VERSION = 1;
				DEFINES_MODULE = YES;
				DEVELOPMENT_TEAM = YHL6YP9PRW;
				DYLIB_COMPATIBILITY_VERSION = 1;
				DYLIB_CURRENT_VERSION = 1;
				DYLIB_INSTALL_NAME_BASE = "@rpath";
				GENERATE_INFOPLIST_FILE = YES;
				INFOPLIST_KEY_NSHumanReadableCopyright = "";
				INSTALL_PATH = "$(LOCAL_LIBRARY_DIR)/Frameworks";
				LD_RUNPATH_SEARCH_PATHS = (
					"$(inherited)",
					"@executable_path/Frameworks",
					"@loader_path/Frameworks",
				);
				MARKETING_VERSION = 1.0;
				PRODUCT_BUNDLE_IDENTIFIER = com.retro.ui.RetroUI;
				PRODUCT_NAME = "$(TARGET_NAME:c99extidentifier)";
				SKIP_INSTALL = YES;
				SWIFT_EMIT_LOC_STRINGS = YES;
				SWIFT_VERSION = 5.0;
				TARGETED_DEVICE_FAMILY = "1,2";
			};
			name = Debug;
		};
		8859221F2939D436006B9F1A /* Release */ = {
			isa = XCBuildConfiguration;
			buildSettings = {
				CODE_SIGN_STYLE = Automatic;
				CURRENT_PROJECT_VERSION = 1;
				DEFINES_MODULE = YES;
				DEVELOPMENT_TEAM = YHL6YP9PRW;
				DYLIB_COMPATIBILITY_VERSION = 1;
				DYLIB_CURRENT_VERSION = 1;
				DYLIB_INSTALL_NAME_BASE = "@rpath";
				GENERATE_INFOPLIST_FILE = YES;
				INFOPLIST_KEY_NSHumanReadableCopyright = "";
				INSTALL_PATH = "$(LOCAL_LIBRARY_DIR)/Frameworks";
				LD_RUNPATH_SEARCH_PATHS = (
					"$(inherited)",
					"@executable_path/Frameworks",
					"@loader_path/Frameworks",
				);
				MARKETING_VERSION = 1.0;
				PRODUCT_BUNDLE_IDENTIFIER = com.retro.ui.RetroUI;
				PRODUCT_NAME = "$(TARGET_NAME:c99extidentifier)";
				SKIP_INSTALL = YES;
				SWIFT_EMIT_LOC_STRINGS = YES;
				SWIFT_VERSION = 5.0;
				TARGETED_DEVICE_FAMILY = "1,2";
			};
			name = Release;
		};
		885922212939D436006B9F1A /* Debug */ = {
			isa = XCBuildConfiguration;
			buildSettings = {
				ALWAYS_EMBED_SWIFT_STANDARD_LIBRARIES = YES;
				CODE_SIGN_STYLE = Automatic;
				CURRENT_PROJECT_VERSION = 1;
				DEVELOPMENT_TEAM = YHL6YP9PRW;
				GENERATE_INFOPLIST_FILE = YES;
				MARKETING_VERSION = 1.0;
				PRODUCT_BUNDLE_IDENTIFIER = com.retro.ui.RetroUITests;
				PRODUCT_NAME = "$(TARGET_NAME)";
				SWIFT_EMIT_LOC_STRINGS = NO;
				SWIFT_VERSION = 5.0;
				TARGETED_DEVICE_FAMILY = "1,2";
			};
			name = Debug;
		};
		885922222939D436006B9F1A /* Release */ = {
			isa = XCBuildConfiguration;
			buildSettings = {
				ALWAYS_EMBED_SWIFT_STANDARD_LIBRARIES = YES;
				CODE_SIGN_STYLE = Automatic;
				CURRENT_PROJECT_VERSION = 1;
				DEVELOPMENT_TEAM = YHL6YP9PRW;
				GENERATE_INFOPLIST_FILE = YES;
				MARKETING_VERSION = 1.0;
				PRODUCT_BUNDLE_IDENTIFIER = com.retro.ui.RetroUITests;
				PRODUCT_NAME = "$(TARGET_NAME)";
				SWIFT_EMIT_LOC_STRINGS = NO;
				SWIFT_VERSION = 5.0;
				TARGETED_DEVICE_FAMILY = "1,2";
			};
			name = Release;
		};
		8859224D293A6E7B006B9F1A /* Debug */ = {
			isa = XCBuildConfiguration;
			buildSettings = {
				ASSETCATALOG_COMPILER_APPICON_NAME = AppIcon;
				ASSETCATALOG_COMPILER_GLOBAL_ACCENT_COLOR_NAME = AccentColor;
				CODE_SIGN_STYLE = Automatic;
				CURRENT_PROJECT_VERSION = 1;
				DEVELOPMENT_ASSET_PATHS = "\"RetroUIExample/Preview Content\"";
				DEVELOPMENT_TEAM = YHL6YP9PRW;
				ENABLE_PREVIEWS = YES;
				GENERATE_INFOPLIST_FILE = YES;
				INFOPLIST_KEY_UIApplicationSceneManifest_Generation = YES;
				INFOPLIST_KEY_UIApplicationSupportsIndirectInputEvents = YES;
				INFOPLIST_KEY_UILaunchScreen_Generation = YES;
				INFOPLIST_KEY_UISupportedInterfaceOrientations_iPad = "UIInterfaceOrientationPortrait UIInterfaceOrientationPortraitUpsideDown UIInterfaceOrientationLandscapeLeft UIInterfaceOrientationLandscapeRight";
				INFOPLIST_KEY_UISupportedInterfaceOrientations_iPhone = "UIInterfaceOrientationPortrait UIInterfaceOrientationLandscapeLeft UIInterfaceOrientationLandscapeRight";
				LD_RUNPATH_SEARCH_PATHS = (
					"$(inherited)",
					"@executable_path/Frameworks",
				);
				MARKETING_VERSION = 1.0;
				PRODUCT_BUNDLE_IDENTIFIER = com.retro.ui.RetroUIExample;
				PRODUCT_NAME = "$(TARGET_NAME)";
				SWIFT_EMIT_LOC_STRINGS = YES;
				SWIFT_VERSION = 5.0;
				TARGETED_DEVICE_FAMILY = "1,2";
			};
			name = Debug;
		};
		8859224E293A6E7B006B9F1A /* Release */ = {
			isa = XCBuildConfiguration;
			buildSettings = {
				ASSETCATALOG_COMPILER_APPICON_NAME = AppIcon;
				ASSETCATALOG_COMPILER_GLOBAL_ACCENT_COLOR_NAME = AccentColor;
				CODE_SIGN_STYLE = Automatic;
				CURRENT_PROJECT_VERSION = 1;
				DEVELOPMENT_ASSET_PATHS = "\"RetroUIExample/Preview Content\"";
				DEVELOPMENT_TEAM = YHL6YP9PRW;
				ENABLE_PREVIEWS = YES;
				GENERATE_INFOPLIST_FILE = YES;
				INFOPLIST_KEY_UIApplicationSceneManifest_Generation = YES;
				INFOPLIST_KEY_UIApplicationSupportsIndirectInputEvents = YES;
				INFOPLIST_KEY_UILaunchScreen_Generation = YES;
				INFOPLIST_KEY_UISupportedInterfaceOrientations_iPad = "UIInterfaceOrientationPortrait UIInterfaceOrientationPortraitUpsideDown UIInterfaceOrientationLandscapeLeft UIInterfaceOrientationLandscapeRight";
				INFOPLIST_KEY_UISupportedInterfaceOrientations_iPhone = "UIInterfaceOrientationPortrait UIInterfaceOrientationLandscapeLeft UIInterfaceOrientationLandscapeRight";
				LD_RUNPATH_SEARCH_PATHS = (
					"$(inherited)",
					"@executable_path/Frameworks",
				);
				MARKETING_VERSION = 1.0;
				PRODUCT_BUNDLE_IDENTIFIER = com.retro.ui.RetroUIExample;
				PRODUCT_NAME = "$(TARGET_NAME)";
				SWIFT_EMIT_LOC_STRINGS = YES;
				SWIFT_VERSION = 5.0;
				TARGETED_DEVICE_FAMILY = "1,2";
			};
			name = Release;
		};
		88592250293A6E7B006B9F1A /* Debug */ = {
			isa = XCBuildConfiguration;
			buildSettings = {
				ALWAYS_EMBED_SWIFT_STANDARD_LIBRARIES = YES;
				BUNDLE_LOADER = "$(TEST_HOST)";
				CODE_SIGN_STYLE = Automatic;
				CURRENT_PROJECT_VERSION = 1;
				DEVELOPMENT_TEAM = YHL6YP9PRW;
				GENERATE_INFOPLIST_FILE = YES;
				IPHONEOS_DEPLOYMENT_TARGET = 16.0;
				MARKETING_VERSION = 1.0;
				PRODUCT_BUNDLE_IDENTIFIER = com.retro.ui.RetroUIExampleTests;
				PRODUCT_NAME = "$(TARGET_NAME)";
				SWIFT_EMIT_LOC_STRINGS = NO;
				SWIFT_VERSION = 5.0;
				TARGETED_DEVICE_FAMILY = "1,2";
				TEST_HOST = "$(BUILT_PRODUCTS_DIR)/RetroUIExample.app/$(BUNDLE_EXECUTABLE_FOLDER_PATH)/RetroUIExample";
			};
			name = Debug;
		};
		88592251293A6E7B006B9F1A /* Release */ = {
			isa = XCBuildConfiguration;
			buildSettings = {
				ALWAYS_EMBED_SWIFT_STANDARD_LIBRARIES = YES;
				BUNDLE_LOADER = "$(TEST_HOST)";
				CODE_SIGN_STYLE = Automatic;
				CURRENT_PROJECT_VERSION = 1;
				DEVELOPMENT_TEAM = YHL6YP9PRW;
				GENERATE_INFOPLIST_FILE = YES;
				IPHONEOS_DEPLOYMENT_TARGET = 16.0;
				MARKETING_VERSION = 1.0;
				PRODUCT_BUNDLE_IDENTIFIER = com.retro.ui.RetroUIExampleTests;
				PRODUCT_NAME = "$(TARGET_NAME)";
				SWIFT_EMIT_LOC_STRINGS = NO;
				SWIFT_VERSION = 5.0;
				TARGETED_DEVICE_FAMILY = "1,2";
				TEST_HOST = "$(BUILT_PRODUCTS_DIR)/RetroUIExample.app/$(BUNDLE_EXECUTABLE_FOLDER_PATH)/RetroUIExample";
			};
			name = Release;
		};
		88592253293A6E7B006B9F1A /* Debug */ = {
			isa = XCBuildConfiguration;
			buildSettings = {
				ALWAYS_EMBED_SWIFT_STANDARD_LIBRARIES = YES;
				CODE_SIGN_STYLE = Automatic;
				CURRENT_PROJECT_VERSION = 1;
				DEVELOPMENT_TEAM = YHL6YP9PRW;
				GENERATE_INFOPLIST_FILE = YES;
				MARKETING_VERSION = 1.0;
				PRODUCT_BUNDLE_IDENTIFIER = com.retro.ui.RetroUIExampleUITests;
				PRODUCT_NAME = "$(TARGET_NAME)";
				SWIFT_EMIT_LOC_STRINGS = NO;
				SWIFT_VERSION = 5.0;
				TARGETED_DEVICE_FAMILY = "1,2";
				TEST_TARGET_NAME = RetroUIExample;
			};
			name = Debug;
		};
		88592254293A6E7B006B9F1A /* Release */ = {
			isa = XCBuildConfiguration;
			buildSettings = {
				ALWAYS_EMBED_SWIFT_STANDARD_LIBRARIES = YES;
				CODE_SIGN_STYLE = Automatic;
				CURRENT_PROJECT_VERSION = 1;
				DEVELOPMENT_TEAM = YHL6YP9PRW;
				GENERATE_INFOPLIST_FILE = YES;
				MARKETING_VERSION = 1.0;
				PRODUCT_BUNDLE_IDENTIFIER = com.retro.ui.RetroUIExampleUITests;
				PRODUCT_NAME = "$(TARGET_NAME)";
				SWIFT_EMIT_LOC_STRINGS = NO;
				SWIFT_VERSION = 5.0;
				TARGETED_DEVICE_FAMILY = "1,2";
				TEST_TARGET_NAME = RetroUIExample;
			};
			name = Release;
		};
/* End XCBuildConfiguration section */

/* Begin XCConfigurationList section */
		885922032939D436006B9F1A /* Build configuration list for PBXProject "RetroUI" */ = {
			isa = XCConfigurationList;
			buildConfigurations = (
				8859221B2939D436006B9F1A /* Debug */,
				8859221C2939D436006B9F1A /* Release */,
			);
			defaultConfigurationIsVisible = 0;
			defaultConfigurationName = Release;
		};
		8859221D2939D436006B9F1A /* Build configuration list for PBXNativeTarget "RetroUI" */ = {
			isa = XCConfigurationList;
			buildConfigurations = (
				8859221E2939D436006B9F1A /* Debug */,
				8859221F2939D436006B9F1A /* Release */,
			);
			defaultConfigurationIsVisible = 0;
			defaultConfigurationName = Release;
		};
		885922202939D436006B9F1A /* Build configuration list for PBXNativeTarget "RetroUITests" */ = {
			isa = XCConfigurationList;
			buildConfigurations = (
				885922212939D436006B9F1A /* Debug */,
				885922222939D436006B9F1A /* Release */,
			);
			defaultConfigurationIsVisible = 0;
			defaultConfigurationName = Release;
		};
		8859224C293A6E7B006B9F1A /* Build configuration list for PBXNativeTarget "RetroUIExample" */ = {
			isa = XCConfigurationList;
			buildConfigurations = (
				8859224D293A6E7B006B9F1A /* Debug */,
				8859224E293A6E7B006B9F1A /* Release */,
			);
			defaultConfigurationIsVisible = 0;
			defaultConfigurationName = Release;
		};
		8859224F293A6E7B006B9F1A /* Build configuration list for PBXNativeTarget "RetroUIExampleTests" */ = {
			isa = XCConfigurationList;
			buildConfigurations = (
				88592250293A6E7B006B9F1A /* Debug */,
				88592251293A6E7B006B9F1A /* Release */,
			);
			defaultConfigurationIsVisible = 0;
			defaultConfigurationName = Release;
		};
		88592252293A6E7B006B9F1A /* Build configuration list for PBXNativeTarget "RetroUIExampleUITests" */ = {
			isa = XCConfigurationList;
			buildConfigurations = (
				88592253293A6E7B006B9F1A /* Debug */,
				88592254293A6E7B006B9F1A /* Release */,
			);
			defaultConfigurationIsVisible = 0;
			defaultConfigurationName = Release;
		};
/* End XCConfigurationList section */
	};
	rootObject = 885922002939D436006B9F1A /* Project object */;
}
